
Microsoft Visual Studio Solution File, Format Version 12.00
# Visual Studio Version 17
VisualStudioVersion = 17.2.32526.322
MinimumVisualStudioVersion = 10.0.40219.1
Project("{FAE04EC0-301F-11D3-BF4B-00C04F79EFBC}") = "theMostCommonNumber", "theMostCommonNumber.csproj", "{C770789C-98B8-4D41-A997-35A519990CF6}"
EndProject
Global
	GlobalSection(SolutionConfigurationPlatforms) = preSolution
		Debug|Any CPU = Debug|Any CPU
		Release|Any CPU = Release|Any CPU
	EndGlobalSection
	GlobalSection(ProjectConfigurationPlatforms) = postSolution
		{C770789C-98B8-4D41-A997-35A519990CF6}.Debug|Any CPU.ActiveCfg = Debug|Any CPU
		{C770789C-98B8-4D41-A997-35A519990CF6}.Debug|Any CPU.Build.0 = Debug|Any CPU
		{C770789C-98B8-4D41-A997-35A519990CF6}.Release|Any CPU.ActiveCfg = Release|Any CPU
		{C770789C-98B8-4D41-A997-35A519990CF6}.Release|Any CPU.Build.0 = Release|Any CPU
	EndGlobalSection
	GlobalSection(SolutionProperties) = preSolution
		HideSolutionNode = FALSE
	EndGlobalSection
	GlobalSection(ExtensibilityGlobals) = postSolution
		SolutionGuid = {5A56B80D-3FE7-4539-9A87-067E365D032C}
	EndGlobalSection
EndGlobal
